{
    "name": "comment-translate",
    "version": "2.0.0",
    "lockfileVersion": 2,
    "requires": true,
    "packages": {
        "": {
            "name": "comment-translate",
            "version": "2.0.0",
            "hasInstallScript": true,
            "license": "SEE LICENSE IN LICENSE",
            "devDependencies": {
                "@types/node": "^12.12.0",
                "typescript": "^4.3.5"
            },
            "engines": {
                "vscode": "^1.52.0"
            }
        },
        "node_modules/@types/node": {
            "version": "12.20.18",
            "resolved": "https://registry.npmjs.org/@types/node/-/node-12.20.18.tgz",
            "integrity": "sha512-YoTiIwdKxM3VLiY2sM05x4iGuTveYiCcDaUVmo1L5ndrXxPGW/NEoZu+pGcBirziomizcZsnsQoemikKcB2fRA==",
            "dev": true
        },
        "node_modules/typescript": {
            "version": "4.3.5",
            "resolved": "https://registry.npmjs.org/typescript/-/typescript-4.3.5.tgz",
            "integrity": "sha512-DqQgihaQ9cUrskJo9kIyW/+g0Vxsk8cDtZ52a3NGh0YNTfpUSArXSohyUGnvbPazEPLu398C0UxmKSOrPumUzA==",
            "dev": true,
            "bin": {
                "tsc": "bin/tsc",
                "tsserver": "bin/tsserver"
            },
            "engines": {
                "node": ">=4.2.0"
            }
        }
    },
    "dependencies": {
        "@types/node": {
            "version": "12.20.18",
            "resolved": "https://registry.npmjs.org/@types/node/-/node-12.20.18.tgz",
            "integrity": "sha512-YoTiIwdKxM3VLiY2sM05x4iGuTveYiCcDaUVmo1L5ndrXxPGW/NEoZu+pGcBirziomizcZsnsQoemikKcB2fRA==",
            "dev": true
        },
        "typescript": {
            "version": "4.3.5",
            "resolved": "https://registry.npmjs.org/typescript/-/typescript-4.3.5.tgz",
            "integrity": "sha512-DqQgihaQ9cUrskJo9kIyW/+g0Vxsk8cDtZ52a3NGh0YNTfpUSArXSohyUGnvbPazEPLu398C0UxmKSOrPumUzA==",
            "dev": true
        }
    }
}
